
Microsoft Visual Studio Solution File, Format Version 12.00
# Visual Studio 15
Project("{FAE04EC0-301F-11D3-BF4B-00C04F79EFBC}") = "TianLong1", "TianLong1.csproj", "{28E142CE-BEA4-699B-4CD2-6524CF1620D6}"
EndProject
Project("{FAE04EC0-301F-11D3-BF4B-00C04F79EFBC}") = "TianLong1.Editor", "TianLong1.Editor.csproj", "{3BE9B87F-AB80-F24F-64B8-114C009D878A}"
EndProject
Global
	GlobalSection(SolutionConfigurationPlatforms) = preSolution
		Debug|Any CPU = Debug|Any CPU
		Release|Any CPU = Release|Any CPU
	EndGlobalSection
	GlobalSection(ProjectConfigurationPlatforms) = postSolution
		{28E142CE-BEA4-699B-4CD2-6524CF1620D6}.Debug|Any CPU.ActiveCfg = Debug|Any CPU
		{28E142CE-BEA4-699B-4CD2-6524CF1620D6}.Debug|Any CPU.Build.0 = Debug|Any CPU
		{28E142CE-BEA4-699B-4CD2-6524CF1620D6}.Release|Any CPU.ActiveCfg = Release|Any CPU
		{28E142CE-BEA4-699B-4CD2-6524CF1620D6}.Release|Any CPU.Build.0 = Release|Any CPU
		{3BE9B87F-AB80-F24F-64B8-114C009D878A}.Debug|Any CPU.ActiveCfg = Debug|Any CPU
		{3BE9B87F-AB80-F24F-64B8-114C009D878A}.Debug|Any CPU.Build.0 = Debug|Any CPU
		{3BE9B87F-AB80-F24F-64B8-114C009D878A}.Release|Any CPU.ActiveCfg = Release|Any CPU
		{3BE9B87F-AB80-F24F-64B8-114C009D878A}.Release|Any CPU.Build.0 = Release|Any CPU
	EndGlobalSection
	GlobalSection(SolutionProperties) = preSolution
		HideSolutionNode = FALSE
	EndGlobalSection
EndGlobal
